
Microsoft Visual Studio Solution File, Format Version 12.00
# Visual Studio Version 16
VisualStudioVersion = 16.0.31112.23
MinimumVisualStudioVersion = 10.0.40219.1
Project("{FAE04EC0-301F-11D3-BF4B-00C04F79EFBC}") = "CategoryApi", "CategoryApi\CategoryApi.csproj", "{9C5D1699-4D6D-472F-B18E-C82052EEDE95}"
EndProject
Project("{FAE04EC0-301F-11D3-BF4B-00C04F79EFBC}") = "Coffee", "Coffee\Coffee.csproj", "{B9B9F726-9AD1-459E-992B-60036035AFEC}"
EndProject
Global
	GlobalSection(SolutionConfigurationPlatforms) = preSolution
		Debug|Any CPU = Debug|Any CPU
		Release|Any CPU = Release|Any CPU
	EndGlobalSection
	GlobalSection(ProjectConfigurationPlatforms) = postSolution
		{9C5D1699-4D6D-472F-B18E-C82052EEDE95}.Debug|Any CPU.ActiveCfg = Debug|Any CPU
		{9C5D1699-4D6D-472F-B18E-C82052EEDE95}.Debug|Any CPU.Build.0 = Debug|Any CPU
		{9C5D1699-4D6D-472F-B18E-C82052EEDE95}.Release|Any CPU.ActiveCfg = Release|Any CPU
		{9C5D1699-4D6D-472F-B18E-C82052EEDE95}.Release|Any CPU.Build.0 = Release|Any CPU
		{B9B9F726-9AD1-459E-992B-60036035AFEC}.Debug|Any CPU.ActiveCfg = Debug|Any CPU
		{B9B9F726-9AD1-459E-992B-60036035AFEC}.Debug|Any CPU.Build.0 = Debug|Any CPU
		{B9B9F726-9AD1-459E-992B-60036035AFEC}.Release|Any CPU.ActiveCfg = Release|Any CPU
		{B9B9F726-9AD1-459E-992B-60036035AFEC}.Release|Any CPU.Build.0 = Release|Any CPU
	EndGlobalSection
	GlobalSection(SolutionProperties) = preSolution
		HideSolutionNode = FALSE
	EndGlobalSection
	GlobalSection(ExtensibilityGlobals) = postSolution
		SolutionGuid = {AF7A1560-5273-4DD3-AE38-22097ABA657C}
	EndGlobalSection
EndGlobal
